
Microsoft Visual Studio Solution File, Format Version 12.00
# Visual Studio Version 17
VisualStudioVersion = 17.5.33530.505
MinimumVisualStudioVersion = 10.0.40219.1
Project("{9A19103F-16F7-4668-BE54-9A1E7A4F7556}") = "OnlineCourses", "OnlineCourses\OnlineCourses.csproj", "{13DDD4B8-995D-4D74-824A-A856BDD31396}"
EndProject
Project("{FAE04EC0-301F-11D3-BF4B-00C04F79EFBC}") = "OnlineCourses.Tests", "OnlineCourses.Tests\OnlineCourses.Tests.csproj", "{434A4FB6-A5E2-4FF9-8D4E-7AAAAA14868E}"
EndProject
Global
	GlobalSection(SolutionConfigurationPlatforms) = preSolution
		Debug|Any CPU = Debug|Any CPU
		Release|Any CPU = Release|Any CPU
	EndGlobalSection
	GlobalSection(ProjectConfigurationPlatforms) = postSolution
		{13DDD4B8-995D-4D74-824A-A856BDD31396}.Debug|Any CPU.ActiveCfg = Debug|Any CPU
		{13DDD4B8-995D-4D74-824A-A856BDD31396}.Debug|Any CPU.Build.0 = Debug|Any CPU
		{13DDD4B8-995D-4D74-824A-A856BDD31396}.Release|Any CPU.ActiveCfg = Release|Any CPU
		{13DDD4B8-995D-4D74-824A-A856BDD31396}.Release|Any CPU.Build.0 = Release|Any CPU
		{434A4FB6-A5E2-4FF9-8D4E-7AAAAA14868E}.Debug|Any CPU.ActiveCfg = Debug|Any CPU
		{434A4FB6-A5E2-4FF9-8D4E-7AAAAA14868E}.Debug|Any CPU.Build.0 = Debug|Any CPU
		{434A4FB6-A5E2-4FF9-8D4E-7AAAAA14868E}.Release|Any CPU.ActiveCfg = Release|Any CPU
		{434A4FB6-A5E2-4FF9-8D4E-7AAAAA14868E}.Release|Any CPU.Build.0 = Release|Any CPU
	EndGlobalSection
	GlobalSection(SolutionProperties) = preSolution
		HideSolutionNode = FALSE
	EndGlobalSection
	GlobalSection(ExtensibilityGlobals) = postSolution
		SolutionGuid = {93E983C0-97E3-4FAE-A437-511DCEC42D84}
	EndGlobalSection
EndGlobal
